// !$*UTF8*$!
{
	archiveVersion = 1;
	classes = {
	};
	objectVersion = 55;
	objects = {

/* Begin PBXBuildFile section */
		C04D22842760FBD900BEA744 /* ArticleCardView.swift in Sources */ = {isa = PBXBuildFile; fileRef = C04D22832760FBD900BEA744 /* ArticleCardView.swift */; };
		C04D228627610CA000BEA744 /* ImagePlaceholderView.swift in Sources */ = {isa = PBXBuildFile; fileRef = C04D228527610CA000BEA744 /* ImagePlaceholderView.swift */; };
		C04D2289276116F600BEA744 /* ArticleView.swift in Sources */ = {isa = PBXBuildFile; fileRef = C04D2288276116F600BEA744 /* ArticleView.swift */; };
		C08225A4275DFEA1000F36E0 /* NewsApp.swift in Sources */ = {isa = PBXBuildFile; fileRef = C08225A3275DFEA1000F36E0 /* NewsApp.swift */; };
		C08225A6275DFEA1000F36E0 /* NewsfeedView.swift in Sources */ = {isa = PBXBuildFile; fileRef = C08225A5275DFEA1000F36E0 /* NewsfeedView.swift */; };
		C08225A8275DFEA2000F36E0 /* Assets.xcassets in Resources */ = {isa = PBXBuildFile; fileRef = C08225A7275DFEA2000F36E0 /* Assets.xcassets */; };
		C08225AB275DFEA2000F36E0 /* Preview Assets.xcassets in Resources */ = {isa = PBXBuildFile; fileRef = C08225AA275DFEA2000F36E0 /* Preview Assets.xcassets */; };
		C08225D4275E040D000F36E0 /* NewsResponse.swift in Sources */ = {isa = PBXBuildFile; fileRef = C08225D3275E040D000F36E0 /* NewsResponse.swift */; };
		C08225D6275E5AE1000F36E0 /* NewsAPI.swift in Sources */ = {isa = PBXBuildFile; fileRef = C08225D5275E5AE1000F36E0 /* NewsAPI.swift */; };
		C08225D9275E5B50000F36E0 /* String+Extension.swift in Sources */ = {isa = PBXBuildFile; fileRef = C08225D8275E5B50000F36E0 /* String+Extension.swift */; };
		C08225DC275E66DA000F36E0 /* Everything.swift in Sources */ = {isa = PBXBuildFile; fileRef = C08225DB275E66DA000F36E0 /* Everything.swift */; };
		C08225E6275E9463000F36E0 /* NewsFeeder.swift in Sources */ = {isa = PBXBuildFile; fileRef = C08225E5275E9463000F36E0 /* NewsFeeder.swift */; };
		C08225E8275EA61C000F36E0 /* NewsFetcher.swift in Sources */ = {isa = PBXBuildFile; fileRef = C08225E7275EA61C000F36E0 /* NewsFetcher.swift */; };
		C08225EA275EB2CF000F36E0 /* TopHeadlines.swift in Sources */ = {isa = PBXBuildFile; fileRef = C08225E9275EB2CF000F36E0 /* TopHeadlines.swift */; };
		C08225EC275EB644000F36E0 /* Comparable+Extension.swift in Sources */ = {isa = PBXBuildFile; fileRef = C08225EB275EB644000F36E0 /* Comparable+Extension.swift */; };
		C08225EE275EC3AE000F36E0 /* Endpoint.swift in Sources */ = {isa = PBXBuildFile; fileRef = C08225ED275EC3AE000F36E0 /* Endpoint.swift */; };
		C08225F2275F99BE000F36E0 /* Authentication.swift in Sources */ = {isa = PBXBuildFile; fileRef = C08225F1275F99BE000F36E0 /* Authentication.swift */; };
		C08225F72760DF0B000F36E0 /* DemoNewsResponse.swift in Sources */ = {isa = PBXBuildFile; fileRef = C08225F62760DF0B000F36E0 /* DemoNewsResponse.swift */; };
		C0D95EFE276201F6005B73FC /* NewsFeederTests.swift in Sources */ = {isa = PBXBuildFile; fileRef = C0D95EFD276201F6005B73FC /* NewsFeederTests.swift */; };
		C0D95F00276212DE005B73FC /* NewsResponseTests.swift in Sources */ = {isa = PBXBuildFile; fileRef = C0D95EFF276212DE005B73FC /* NewsResponseTests.swift */; };
		C0FCF1382761EFDE00524816 /* NewsServerTests.swift in Sources */ = {isa = PBXBuildFile; fileRef = C0FCF1372761EFDE00524816 /* NewsServerTests.swift */; };
		C0FCF13F2761F55000524816 /* NewsFetcherTests.swift in Sources */ = {isa = PBXBuildFile; fileRef = C0FCF13E2761F55000524816 /* NewsFetcherTests.swift */; };
/* End PBXBuildFile section */

/* Begin PBXContainerItemProxy section */
		C0FCF1392761EFDE00524816 /* PBXContainerItemProxy */ = {
			isa = PBXContainerItemProxy;
			containerPortal = C0822598275DFEA1000F36E0 /* Project object */;
			proxyType = 1;
			remoteGlobalIDString = C082259F275DFEA1000F36E0;
			remoteInfo = News;
		};
/* End PBXContainerItemProxy section */

/* Begin PBXFileReference section */
		C04D22832760FBD900BEA744 /* ArticleCardView.swift */ = {isa = PBXFileReference; lastKnownFileType = sourcecode.swift; path = ArticleCardView.swift; sourceTree = "<group>"; };
		C04D228527610CA000BEA744 /* ImagePlaceholderView.swift */ = {isa = PBXFileReference; lastKnownFileType = sourcecode.swift; path = ImagePlaceholderView.swift; sourceTree = "<group>"; };
		C04D228727610EA800BEA744 /* Info.plist */ = {isa = PBXFileReference; lastKnownFileType = text.plist; path = Info.plist; sourceTree = "<group>"; };
		C04D2288276116F600BEA744 /* ArticleView.swift */ = {isa = PBXFileReference; lastKnownFileType = sourcecode.swift; path = ArticleView.swift; sourceTree = "<group>"; };
		C08225A0275DFEA1000F36E0 /* News.app */ = {isa = PBXFileReference; explicitFileType = wrapper.application; includeInIndex = 0; path = News.app; sourceTree = BUILT_PRODUCTS_DIR; };
		C08225A3275DFEA1000F36E0 /* NewsApp.swift */ = {isa = PBXFileReference; lastKnownFileType = sourcecode.swift; path = NewsApp.swift; sourceTree = "<group>"; };
		C08225A5275DFEA1000F36E0 /* NewsfeedView.swift */ = {isa = PBXFileReference; lastKnownFileType = sourcecode.swift; path = NewsfeedView.swift; sourceTree = "<group>"; };
		C08225A7275DFEA2000F36E0 /* Assets.xcassets */ = {isa = PBXFileReference; lastKnownFileType = folder.assetcatalog; path = Assets.xcassets; sourceTree = "<group>"; };
		C08225AA275DFEA2000F36E0 /* Preview Assets.xcassets */ = {isa = PBXFileReference; lastKnownFileType = folder.assetcatalog; path = "Preview Assets.xcassets"; sourceTree = "<group>"; };
		C08225D3275E040D000F36E0 /* NewsResponse.swift */ = {isa = PBXFileReference; lastKnownFileType = sourcecode.swift; path = NewsResponse.swift; sourceTree = "<group>"; };
		C08225D5275E5AE1000F36E0 /* NewsAPI.swift */ = {isa = PBXFileReference; lastKnownFileType = sourcecode.swift; path = NewsAPI.swift; sourceTree = "<group>"; };
		C08225D8275E5B50000F36E0 /* String+Extension.swift */ = {isa = PBXFileReference; lastKnownFileType = sourcecode.swift; path = "String+Extension.swift"; sourceTree = "<group>"; };
		C08225DB275E66DA000F36E0 /* Everything.swift */ = {isa = PBXFileReference; lastKnownFileType = sourcecode.swift; path = Everything.swift; sourceTree = "<group>"; };
		C08225E5275E9463000F36E0 /* NewsFeeder.swift */ = {isa = PBXFileReference; lastKnownFileType = sourcecode.swift; path = NewsFeeder.swift; sourceTree = "<group>"; };
		C08225E7275EA61C000F36E0 /* NewsFetcher.swift */ = {isa = PBXFileReference; lastKnownFileType = sourcecode.swift; path = NewsFetcher.swift; sourceTree = "<group>"; };
		C08225E9275EB2CF000F36E0 /* TopHeadlines.swift */ = {isa = PBXFileReference; lastKnownFileType = sourcecode.swift; path = TopHeadlines.swift; sourceTree = "<group>"; };
		C08225EB275EB644000F36E0 /* Comparable+Extension.swift */ = {isa = PBXFileReference; lastKnownFileType = sourcecode.swift; path = "Comparable+Extension.swift"; sourceTree = "<group>"; };
		C08225ED275EC3AE000F36E0 /* Endpoint.swift */ = {isa = PBXFileReference; lastKnownFileType = sourcecode.swift; path = Endpoint.swift; sourceTree = "<group>"; };
		C08225F1275F99BE000F36E0 /* Authentication.swift */ = {isa = PBXFileReference; lastKnownFileType = sourcecode.swift; path = Authentication.swift; sourceTree = "<group>"; };
		C08225F62760DF0B000F36E0 /* DemoNewsResponse.swift */ = {isa = PBXFileReference; lastKnownFileType = sourcecode.swift; path = DemoNewsResponse.swift; sourceTree = "<group>"; };
		C0D95EFD276201F6005B73FC /* NewsFeederTests.swift */ = {isa = PBXFileReference; lastKnownFileType = sourcecode.swift; path = NewsFeederTests.swift; sourceTree = "<group>"; };
		C0D95EFF276212DE005B73FC /* NewsResponseTests.swift */ = {isa = PBXFileReference; lastKnownFileType = sourcecode.swift; path = NewsResponseTests.swift; sourceTree = "<group>"; };
		C0FCF1352761EFDE00524816 /* NewsTests.xctest */ = {isa = PBXFileReference; explicitFileType = wrapper.cfbundle; includeInIndex = 0; path = NewsTests.xctest; sourceTree = BUILT_PRODUCTS_DIR; };
		C0FCF1372761EFDE00524816 /* NewsServerTests.swift */ = {isa = PBXFileReference; lastKnownFileType = sourcecode.swift; path = NewsServerTests.swift; sourceTree = "<group>"; };
		C0FCF13E2761F55000524816 /* NewsFetcherTests.swift */ = {isa = PBXFileReference; lastKnownFileType = sourcecode.swift; path = NewsFetcherTests.swift; sourceTree = "<group>"; };
/* End PBXFileReference section */

/* Begin PBXFrameworksBuildPhase section */
		C082259D275DFEA1000F36E0 /* Frameworks */ = {
			isa = PBXFrameworksBuildPhase;
			buildActionMask = 2147483647;
			files = (
			);
			runOnlyForDeploymentPostprocessing = 0;
		};
		C0FCF1322761EFDE00524816 /* Frameworks */ = {
			isa = PBXFrameworksBuildPhase;
			buildActionMask = 2147483647;
			files = (
			);
			runOnlyForDeploymentPostprocessing = 0;
		};
/* End PBXFrameworksBuildPhase section */

/* Begin PBXGroup section */
		C04D228C2761188200BEA744 /* Subviews */ = {
			isa = PBXGroup;
			children = (
				C04D228527610CA000BEA744 /* ImagePlaceholderView.swift */,
			);
			path = Subviews;
			sourceTree = "<group>";
		};
		C04D228D27611DA000BEA744 /* Article */ = {
			isa = PBXGroup;
			children = (
				C04D2288276116F600BEA744 /* ArticleView.swift */,
			);
			path = Article;
			sourceTree = "<group>";
		};
		C04D228E276120E500BEA744 /* Newsfeed */ = {
			isa = PBXGroup;
			children = (
				C08225A5275DFEA1000F36E0 /* NewsfeedView.swift */,
				C04D22832760FBD900BEA744 /* ArticleCardView.swift */,
				C04D228D27611DA000BEA744 /* Article */,
				C04D228C2761188200BEA744 /* Subviews */,
			);
			path = Newsfeed;
			sourceTree = "<group>";
		};
		C0822597275DFEA1000F36E0 = {
			isa = PBXGroup;
			children = (
				C08225A2275DFEA1000F36E0 /* News */,
				C0FCF1362761EFDE00524816 /* NewsTests */,
				C08225A1275DFEA1000F36E0 /* Products */,
			);
			sourceTree = "<group>";
		};
		C08225A1275DFEA1000F36E0 /* Products */ = {
			isa = PBXGroup;
			children = (
				C08225A0275DFEA1000F36E0 /* News.app */,
				C0FCF1352761EFDE00524816 /* NewsTests.xctest */,
			);
			name = Products;
			sourceTree = "<group>";
		};
		C08225A2275DFEA1000F36E0 /* News */ = {
			isa = PBXGroup;
			children = (
				C04D228727610EA800BEA744 /* Info.plist */,
				C08225A3275DFEA1000F36E0 /* NewsApp.swift */,
				C08225E3275E9430000F36E0 /* View */,
				C08225E2275E9424000F36E0 /* ViewModel */,
				C08225D2275DFFC4000F36E0 /* Model */,
				C08225D7275E5B38000F36E0 /* Extensions */,
				C08225F1275F99BE000F36E0 /* Authentication.swift */,
				C08225DD275E6719000F36E0 /* Demo */,
				C08225A7275DFEA2000F36E0 /* Assets.xcassets */,
				C08225A9275DFEA2000F36E0 /* Preview Content */,
			);
			path = News;
			sourceTree = "<group>";
		};
		C08225A9275DFEA2000F36E0 /* Preview Content */ = {
			isa = PBXGroup;
			children = (
				C08225AA275DFEA2000F36E0 /* Preview Assets.xcassets */,
			);
			path = "Preview Content";
			sourceTree = "<group>";
		};
		C08225CD275DFEAE000F36E0 /* NewsAPI */ = {
			isa = PBXGroup;
			children = (
				C08225D5275E5AE1000F36E0 /* NewsAPI.swift */,
				C08225ED275EC3AE000F36E0 /* Endpoint.swift */,
				C08225DA275E66CA000F36E0 /* Endpoints */,
			);
			path = NewsAPI;
			sourceTree = "<group>";
		};
		C08225D2275DFFC4000F36E0 /* Model */ = {
			isa = PBXGroup;
			children = (
				C08225D3275E040D000F36E0 /* NewsResponse.swift */,
				C08225CD275DFEAE000F36E0 /* NewsAPI */,
			);
			path = Model;
			sourceTree = "<group>";
		};
		C08225D7275E5B38000F36E0 /* Extensions */ = {
			isa = PBXGroup;
			children = (
				C08225D8275E5B50000F36E0 /* String+Extension.swift */,
				C08225EB275EB644000F36E0 /* Comparable+Extension.swift */,
			);
			path = Extensions;
			sourceTree = "<group>";
		};
		C08225DA275E66CA000F36E0 /* Endpoints */ = {
			isa = PBXGroup;
			children = (
				C08225DB275E66DA000F36E0 /* Everything.swift */,
				C08225E9275EB2CF000F36E0 /* TopHeadlines.swift */,
			);
			path = Endpoints;
			sourceTree = "<group>";
		};
		C08225DD275E6719000F36E0 /* Demo */ = {
			isa = PBXGroup;
			children = (
				C08225F62760DF0B000F36E0 /* DemoNewsResponse.swift */,
			);
			path = Demo;
			sourceTree = "<group>";
		};
		C08225E2275E9424000F36E0 /* ViewModel */ = {
			isa = PBXGroup;
			children = (
				C08225E5275E9463000F36E0 /* NewsFeeder.swift */,
				C08225E7275EA61C000F36E0 /* NewsFetcher.swift */,
			);
			path = ViewModel;
			sourceTree = "<group>";
		};
		C08225E3275E9430000F36E0 /* View */ = {
			isa = PBXGroup;
			children = (
				C04D228E276120E500BEA744 /* Newsfeed */,
			);
			path = View;
			sourceTree = "<group>";
		};
		C0FCF1362761EFDE00524816 /* NewsTests */ = {
			isa = PBXGroup;
			children = (
				C0FCF1372761EFDE00524816 /* NewsServerTests.swift */,
				C0FCF13E2761F55000524816 /* NewsFetcherTests.swift */,
				C0D95EFD276201F6005B73FC /* NewsFeederTests.swift */,
				C0D95EFF276212DE005B73FC /* NewsResponseTests.swift */,
			);
			path = NewsTests;
			sourceTree = "<group>";
		};
/* End PBXGroup section */

/* Begin PBXNativeTarget section */
		C082259F275DFEA1000F36E0 /* News */ = {
			isa = PBXNativeTarget;
			buildConfigurationList = C08225C4275DFEA2000F36E0 /* Build configuration list for PBXNativeTarget "News" */;
			buildPhases = (
				C082259C275DFEA1000F36E0 /* Sources */,
				C082259D275DFEA1000F36E0 /* Frameworks */,
				C082259E275DFEA1000F36E0 /* Resources */,
			);
			buildRules = (
			);
			dependencies = (
			);
			name = News;
			productName = News;
			productReference = C08225A0275DFEA1000F36E0 /* News.app */;
			productType = "com.apple.product-type.application";
		};
		C0FCF1342761EFDE00524816 /* NewsTests */ = {
			isa = PBXNativeTarget;
			buildConfigurationList = C0FCF13B2761EFDE00524816 /* Build configuration list for PBXNativeTarget "NewsTests" */;
			buildPhases = (
				C0FCF1312761EFDE00524816 /* Sources */,
				C0FCF1322761EFDE00524816 /* Frameworks */,
				C0FCF1332761EFDE00524816 /* Resources */,
			);
			buildRules = (
			);
			dependencies = (
				C0FCF13A2761EFDE00524816 /* PBXTargetDependency */,
			);
			name = NewsTests;
			productName = NewsTests;
			productReference = C0FCF1352761EFDE00524816 /* NewsTests.xctest */;
			productType = "com.apple.product-type.bundle.unit-test";
		};
/* End PBXNativeTarget section */

/* Begin PBXProject section */
		C0822598275DFEA1000F36E0 /* Project object */ = {
			isa = PBXProject;
			attributes = {
				BuildIndependentTargetsInParallel = 1;
				LastSwiftUpdateCheck = 1310;
				LastUpgradeCheck = 1310;
				TargetAttributes = {
					C082259F275DFEA1000F36E0 = {
						CreatedOnToolsVersion = 13.1;
					};
					C0FCF1342761EFDE00524816 = {
						CreatedOnToolsVersion = 13.1;
						TestTargetID = C082259F275DFEA1000F36E0;
					};
				};
			};
			buildConfigurationList = C082259B275DFEA1000F36E0 /* Build configuration list for PBXProject "News" */;
			compatibilityVersion = "Xcode 13.0";
			developmentRegion = en;
			hasScannedForEncodings = 0;
			knownRegions = (
				en,
				Base,
			);
			mainGroup = C0822597275DFEA1000F36E0;
			productRefGroup = C08225A1275DFEA1000F36E0 /* Products */;
			projectDirPath = "";
			projectRoot = "";
			targets = (
				C082259F275DFEA1000F36E0 /* News */,
				C0FCF1342761EFDE00524816 /* NewsTests */,
			);
		};
/* End PBXProject section */

/* Begin PBXResourcesBuildPhase section */
		C082259E275DFEA1000F36E0 /* Resources */ = {
			isa = PBXResourcesBuildPhase;
			buildActionMask = 2147483647;
			files = (
				C08225AB275DFEA2000F36E0 /* Preview Assets.xcassets in Resources */,
				C08225A8275DFEA2000F36E0 /* Assets.xcassets in Resources */,
			);
			runOnlyForDeploymentPostprocessing = 0;
		};
		C0FCF1332761EFDE00524816 /* Resources */ = {
			isa = PBXResourcesBuildPhase;
			buildActionMask = 2147483647;
			files = (
			);
			runOnlyForDeploymentPostprocessing = 0;
		};
/* End PBXResourcesBuildPhase section */

/* Begin PBXSourcesBuildPhase section */
		C082259C275DFEA1000F36E0 /* Sources */ = {
			isa = PBXSourcesBuildPhase;
			buildActionMask = 2147483647;
			files = (
				C08225A6275DFEA1000F36E0 /* NewsfeedView.swift in Sources */,
				C08225E6275E9463000F36E0 /* NewsFeeder.swift in Sources */,
				C08225DC275E66DA000F36E0 /* Everything.swift in Sources */,
				C08225F2275F99BE000F36E0 /* Authentication.swift in Sources */,
				C08225EE275EC3AE000F36E0 /* Endpoint.swift in Sources */,
				C04D2289276116F600BEA744 /* ArticleView.swift in Sources */,
				C04D228627610CA000BEA744 /* ImagePlaceholderView.swift in Sources */,
				C08225A4275DFEA1000F36E0 /* NewsApp.swift in Sources */,
				C08225D6275E5AE1000F36E0 /* NewsAPI.swift in Sources */,
				C08225F72760DF0B000F36E0 /* DemoNewsResponse.swift in Sources */,
				C08225EA275EB2CF000F36E0 /* TopHeadlines.swift in Sources */,
				C08225E8275EA61C000F36E0 /* NewsFetcher.swift in Sources */,
				C08225D4275E040D000F36E0 /* NewsResponse.swift in Sources */,
				C04D22842760FBD900BEA744 /* ArticleCardView.swift in Sources */,
				C08225D9275E5B50000F36E0 /* String+Extension.swift in Sources */,
				C08225EC275EB644000F36E0 /* Comparable+Extension.swift in Sources */,
			);
			runOnlyForDeploymentPostprocessing = 0;
		};
		C0FCF1312761EFDE00524816 /* Sources */ = {
			isa = PBXSourcesBuildPhase;
			buildActionMask = 2147483647;
			files = (
				C0FCF13F2761F55000524816 /* NewsFetcherTests.swift in Sources */,
				C0D95F00276212DE005B73FC /* NewsResponseTests.swift in Sources */,
				C0FCF1382761EFDE00524816 /* NewsServerTests.swift in Sources */,
				C0D95EFE276201F6005B73FC /* NewsFeederTests.swift in Sources */,
			);
			runOnlyForDeploymentPostprocessing = 0;
		};
/* End PBXSourcesBuildPhase section */

/* Begin PBXTargetDependency section */
		C0FCF13A2761EFDE00524816 /* PBXTargetDependency */ = {
			isa = PBXTargetDependency;
			target = C082259F275DFEA1000F36E0 /* News */;
			targetProxy = C0FCF1392761EFDE00524816 /* PBXContainerItemProxy */;
		};
/* End PBXTargetDependency section */

/* Begin XCBuildConfiguration section */
		C08225C2275DFEA2000F36E0 /* Debug */ = {
			isa = XCBuildConfiguration;
			buildSettings = {
				ALWAYS_SEARCH_USER_PATHS = NO;
				CLANG_ANALYZER_NONNULL = YES;
				CLANG_ANALYZER_NUMBER_OBJECT_CONVERSION = YES_AGGRESSIVE;
				CLANG_CXX_LANGUAGE_STANDARD = "gnu++17";
				CLANG_CXX_LIBRARY = "libc++";
				CLANG_ENABLE_MODULES = YES;
				CLANG_ENABLE_OBJC_ARC = YES;
				CLANG_ENABLE_OBJC_WEAK = YES;
				CLANG_WARN_BLOCK_CAPTURE_AUTORELEASING = YES;
				CLANG_WARN_BOOL_CONVERSION = YES;
				CLANG_WARN_COMMA = YES;
				CLANG_WARN_CONSTANT_CONVERSION = YES;
				CLANG_WARN_DEPRECATED_OBJC_IMPLEMENTATIONS = YES;
				CLANG_WARN_DIRECT_OBJC_ISA_USAGE = YES_ERROR;
				CLANG_WARN_DOCUMENTATION_COMMENTS = YES;
				CLANG_WARN_EMPTY_BODY = YES;
				CLANG_WARN_ENUM_CONVERSION = YES;
				CLANG_WARN_INFINITE_RECURSION = YES;
				CLANG_WARN_INT_CONVERSION = YES;
				CLANG_WARN_NON_LITERAL_NULL_CONVERSION = YES;
				CLANG_WARN_OBJC_IMPLICIT_RETAIN_SELF = YES;
				CLANG_WARN_OBJC_LITERAL_CONVERSION = YES;
				CLANG_WARN_OBJC_ROOT_CLASS = YES_ERROR;
				CLANG_WARN_QUOTED_INCLUDE_IN_FRAMEWORK_HEADER = YES;
				CLANG_WARN_RANGE_LOOP_ANALYSIS = YES;
				CLANG_WARN_STRICT_PROTOTYPES = YES;
				CLANG_WARN_SUSPICIOUS_MOVE = YES;
				CLANG_WARN_UNGUARDED_AVAILABILITY = YES_AGGRESSIVE;
				CLANG_WARN_UNREACHABLE_CODE = YES;
				CLANG_WARN__DUPLICATE_METHOD_MATCH = YES;
				COPY_PHASE_STRIP = NO;
				DEBUG_INFORMATION_FORMAT = dwarf;
				ENABLE_STRICT_OBJC_MSGSEND = YES;
				ENABLE_TESTABILITY = YES;
				GCC_C_LANGUAGE_STANDARD = gnu11;
				GCC_DYNAMIC_NO_PIC = NO;
				GCC_NO_COMMON_BLOCKS = YES;
				GCC_OPTIMIZATION_LEVEL = 0;
				GCC_PREPROCESSOR_DEFINITIONS = (
					"DEBUG=1",
					"$(inherited)",
				);
				GCC_WARN_64_TO_32_BIT_CONVERSION = YES;
				GCC_WARN_ABOUT_RETURN_TYPE = YES_ERROR;
				GCC_WARN_UNDECLARED_SELECTOR = YES;
				GCC_WARN_UNINITIALIZED_AUTOS = YES_AGGRESSIVE;
				GCC_WARN_UNUSED_FUNCTION = YES;
				GCC_WARN_UNUSED_VARIABLE = YES;
				IPHONEOS_DEPLOYMENT_TARGET = 15.0;
				MTL_ENABLE_DEBUG_INFO = INCLUDE_SOURCE;
				MTL_FAST_MATH = YES;
				ONLY_ACTIVE_ARCH = YES;
				SDKROOT = iphoneos;
				SWIFT_ACTIVE_COMPILATION_CONDITIONS = DEBUG;
				SWIFT_OPTIMIZATION_LEVEL = "-Onone";
			};
			name = Debug;
		};
		C08225C3275DFEA2000F36E0 /* Release */ = {
			isa = XCBuildConfiguration;
			buildSettings = {
				ALWAYS_SEARCH_USER_PATHS = NO;
				CLANG_ANALYZER_NONNULL = YES;
				CLANG_ANALYZER_NUMBER_OBJECT_CONVERSION = YES_AGGRESSIVE;
				CLANG_CXX_LANGUAGE_STANDARD = "gnu++17";
				CLANG_CXX_LIBRARY = "libc++";
				CLANG_ENABLE_MODULES = YES;
				CLANG_ENABLE_OBJC_ARC = YES;
				CLANG_ENABLE_OBJC_WEAK = YES;
				CLANG_WARN_BLOCK_CAPTURE_AUTORELEASING = YES;
				CLANG_WARN_BOOL_CONVERSION = YES;
				CLANG_WARN_COMMA = YES;
				CLANG_WARN_CONSTANT_CONVERSION = YES;
				CLANG_WARN_DEPRECATED_OBJC_IMPLEMENTATIONS = YES;
				CLANG_WARN_DIRECT_OBJC_ISA_USAGE = YES_ERROR;
				CLANG_WARN_DOCUMENTATION_COMMENTS = YES;
				CLANG_WARN_EMPTY_BODY = YES;
				CLANG_WARN_ENUM_CONVERSION = YES;
				CLANG_WARN_INFINITE_RECURSION = YES;
				CLANG_WARN_INT_CONVERSION = YES;
				CLANG_WARN_NON_LITERAL_NULL_CONVERSION = YES;
				CLANG_WARN_OBJC_IMPLICIT_RETAIN_SELF = YES;
				CLANG_WARN_OBJC_LITERAL_CONVERSION = YES;
				CLANG_WARN_OBJC_ROOT_CLASS = YES_ERROR;
				CLANG_WARN_QUOTED_INCLUDE_IN_FRAMEWORK_HEADER = YES;
				CLANG_WARN_RANGE_LOOP_ANALYSIS = YES;
				CLANG_WARN_STRICT_PROTOTYPES = YES;
				CLANG_WARN_SUSPICIOUS_MOVE = YES;
				CLANG_WARN_UNGUARDED_AVAILABILITY = YES_AGGRESSIVE;
				CLANG_WARN_UNREACHABLE_CODE = YES;
				CLANG_WARN__DUPLICATE_METHOD_MATCH = YES;
				COPY_PHASE_STRIP = NO;
				DEBUG_INFORMATION_FORMAT = "dwarf-with-dsym";
				ENABLE_NS_ASSERTIONS = NO;
				ENABLE_STRICT_OBJC_MSGSEND = YES;
				GCC_C_LANGUAGE_STANDARD = gnu11;
				GCC_NO_COMMON_BLOCKS = YES;
				GCC_WARN_64_TO_32_BIT_CONVERSION = YES;
				GCC_WARN_ABOUT_RETURN_TYPE = YES_ERROR;
				GCC_WARN_UNDECLARED_SELECTOR = YES;
				GCC_WARN_UNINITIALIZED_AUTOS = YES_AGGRESSIVE;
				GCC_WARN_UNUSED_FUNCTION = YES;
				GCC_WARN_UNUSED_VARIABLE = YES;
				IPHONEOS_DEPLOYMENT_TARGET = 15.0;
				MTL_ENABLE_DEBUG_INFO = NO;
				MTL_FAST_MATH = YES;
				SDKROOT = iphoneos;
				SWIFT_COMPILATION_MODE = wholemodule;
				SWIFT_OPTIMIZATION_LEVEL = "-O";
				VALIDATE_PRODUCT = YES;
			};
			name = Release;
		};
		C08225C5275DFEA2000F36E0 /* Debug */ = {
			isa = XCBuildConfiguration;
			buildSettings = {
				ASSETCATALOG_COMPILER_APPICON_NAME = AppIcon;
				ASSETCATALOG_COMPILER_GLOBAL_ACCENT_COLOR_NAME = AccentColor;
				ASSETCATALOG_COMPILER_INCLUDE_ALL_APPICON_ASSETS = NO;
				CODE_SIGN_STYLE = Automatic;
				CURRENT_PROJECT_VERSION = 1;
				DEVELOPMENT_ASSET_PATHS = "\"News/Preview Content\"";
				DEVELOPMENT_TEAM = 3GMEL8ZDGR;
				ENABLE_PREVIEWS = YES;
				GENERATE_INFOPLIST_FILE = YES;
				INFOPLIST_FILE = News/Info.plist;
				INFOPLIST_KEY_UIApplicationSceneManifest_Generation = YES;
				INFOPLIST_KEY_UIApplicationSupportsIndirectInputEvents = YES;
				INFOPLIST_KEY_UILaunchScreen_Generation = YES;
				INFOPLIST_KEY_UISupportedInterfaceOrientations_iPad = "UIInterfaceOrientationPortrait UIInterfaceOrientationPortraitUpsideDown UIInterfaceOrientationLandscapeLeft UIInterfaceOrientationLandscapeRight";
				INFOPLIST_KEY_UISupportedInterfaceOrientations_iPhone = "UIInterfaceOrientationPortrait UIInterfaceOrientationLandscapeLeft UIInterfaceOrientationLandscapeRight";
				LD_RUNPATH_SEARCH_PATHS = (
					"$(inherited)",
					"@executable_path/Frameworks",
				);
				MARKETING_VERSION = 1.0;
				PRODUCT_BUNDLE_IDENTIFIER = dk.gabrielbrodersen.News;
				PRODUCT_NAME = "$(TARGET_NAME)";
				SWIFT_EMIT_LOC_STRINGS = YES;
				SWIFT_VERSION = 5.0;
				TARGETED_DEVICE_FAMILY = "1,2";
			};
			name = Debug;
		};
		C08225C6275DFEA2000F36E0 /* Release */ = {
			isa = XCBuildConfiguration;
			buildSettings = {
				ASSETCATALOG_COMPILER_APPICON_NAME = AppIcon;
				ASSETCATALOG_COMPILER_GLOBAL_ACCENT_COLOR_NAME = AccentColor;
				ASSETCATALOG_COMPILER_INCLUDE_ALL_APPICON_ASSETS = NO;
				CODE_SIGN_STYLE = Automatic;
				CURRENT_PROJECT_VERSION = 1;
				DEVELOPMENT_ASSET_PATHS = "\"News/Preview Content\"";
				DEVELOPMENT_TEAM = 3GMEL8ZDGR;
				ENABLE_PREVIEWS = YES;
				"EXCLUDED_SOURCE_FILE_NAMES[arch=*]" = "<Path>/Demo/*";
				GENERATE_INFOPLIST_FILE = YES;
				INFOPLIST_FILE = News/Info.plist;
				INFOPLIST_KEY_UIApplicationSceneManifest_Generation = YES;
				INFOPLIST_KEY_UIApplicationSupportsIndirectInputEvents = YES;
				INFOPLIST_KEY_UILaunchScreen_Generation = YES;
				INFOPLIST_KEY_UISupportedInterfaceOrientations_iPad = "UIInterfaceOrientationPortrait UIInterfaceOrientationPortraitUpsideDown UIInterfaceOrientationLandscapeLeft UIInterfaceOrientationLandscapeRight";
				INFOPLIST_KEY_UISupportedInterfaceOrientations_iPhone = "UIInterfaceOrientationPortrait UIInterfaceOrientationLandscapeLeft UIInterfaceOrientationLandscapeRight";
				LD_RUNPATH_SEARCH_PATHS = (
					"$(inherited)",
					"@executable_path/Frameworks",
				);
				MARKETING_VERSION = 1.0;
				PRODUCT_BUNDLE_IDENTIFIER = dk.gabrielbrodersen.News;
				PRODUCT_NAME = "$(TARGET_NAME)";
				SWIFT_EMIT_LOC_STRINGS = YES;
				SWIFT_VERSION = 5.0;
				TARGETED_DEVICE_FAMILY = "1,2";
			};
			name = Release;
		};
		C0FCF13C2761EFDE00524816 /* Debug */ = {
			isa = XCBuildConfiguration;
			buildSettings = {
				BUNDLE_LOADER = "$(TEST_HOST)";
				CODE_SIGN_STYLE = Automatic;
				CURRENT_PROJECT_VERSION = 1;
				DEVELOPMENT_TEAM = 3GMEL8ZDGR;
				GENERATE_INFOPLIST_FILE = YES;
				LD_RUNPATH_SEARCH_PATHS = (
					"$(inherited)",
					"@executable_path/Frameworks",
					"@loader_path/Frameworks",
				);
				MARKETING_VERSION = 1.0;
				PRODUCT_BUNDLE_IDENTIFIER = dk.gabrielbrodersen.NewsTests;
				PRODUCT_NAME = "$(TARGET_NAME)";
				SWIFT_EMIT_LOC_STRINGS = NO;
				SWIFT_VERSION = 5.0;
				TARGETED_DEVICE_FAMILY = "1,2";
				TEST_HOST = "$(BUILT_PRODUCTS_DIR)/News.app/News";
			};
			name = Debug;
		};
		C0FCF13D2761EFDE00524816 /* Release */ = {
			isa = XCBuildConfiguration;
			buildSettings = {
				BUNDLE_LOADER = "$(TEST_HOST)";
				CODE_SIGN_STYLE = Automatic;
				CURRENT_PROJECT_VERSION = 1;
				DEVELOPMENT_TEAM = 3GMEL8ZDGR;
				GENERATE_INFOPLIST_FILE = YES;
				LD_RUNPATH_SEARCH_PATHS = (
					"$(inherited)",
					"@executable_path/Frameworks",
					"@loader_path/Frameworks",
				);
				MARKETING_VERSION = 1.0;
				PRODUCT_BUNDLE_IDENTIFIER = dk.gabrielbrodersen.NewsTests;
				PRODUCT_NAME = "$(TARGET_NAME)";
				SWIFT_EMIT_LOC_STRINGS = NO;
				SWIFT_VERSION = 5.0;
				TARGETED_DEVICE_FAMILY = "1,2";
				TEST_HOST = "$(BUILT_PRODUCTS_DIR)/News.app/News";
			};
			name = Release;
		};
/* End XCBuildConfiguration section */

/* Begin XCConfigurationList section */
		C082259B275DFEA1000F36E0 /* Build configuration list for PBXProject "News" */ = {
			isa = XCConfigurationList;
			buildConfigurations = (
				C08225C2275DFEA2000F36E0 /* Debug */,
				C08225C3275DFEA2000F36E0 /* Release */,
			);
			defaultConfigurationIsVisible = 0;
			defaultConfigurationName = Release;
		};
		C08225C4275DFEA2000F36E0 /* Build configuration list for PBXNativeTarget "News" */ = {
			isa = XCConfigurationList;
			buildConfigurations = (
				C08225C5275DFEA2000F36E0 /* Debug */,
				C08225C6275DFEA2000F36E0 /* Release */,
			);
			defaultConfigurationIsVisible = 0;
			defaultConfigurationName = Release;
		};
		C0FCF13B2761EFDE00524816 /* Build configuration list for PBXNativeTarget "NewsTests" */ = {
			isa = XCConfigurationList;
			buildConfigurations = (
				C0FCF13C2761EFDE00524816 /* Debug */,
				C0FCF13D2761EFDE00524816 /* Release */,
			);
			defaultConfigurationIsVisible = 0;
			defaultConfigurationName = Release;
		};
/* End XCConfigurationList section */
	};
	rootObject = C0822598275DFEA1000F36E0 /* Project object */;
}
